
Microsoft Visual Studio Solution File, Format Version 12.00
# Visual Studio Version 17
VisualStudioVersion = 17.4.33122.133
MinimumVisualStudioVersion = 10.0.40219.1
Project("{9A19103F-16F7-4668-BE54-9A1E7A4F7556}") = "Params", "Params\Params.csproj", "{EBD5A92E-04A5-47B3-BBC0-08ED2A99D3F8}"
EndProject
Project("{9A19103F-16F7-4668-BE54-9A1E7A4F7556}") = "Return_Objects", "Return_Objects\Return_Objects.csproj", "{51A53A57-FF12-4008-AD89-D6AAFDF4610F}"
EndProject
Project("{9A19103F-16F7-4668-BE54-9A1E7A4F7556}") = "Return_Array", "Return_Array\Return_Array.csproj", "{941880C5-118E-40F5-B069-76BCC52413E5}"
EndProject
Project("{9A19103F-16F7-4668-BE54-9A1E7A4F7556}") = "Method_Overloading", "Method_Overloading\Method_Overloading.csproj", "{6E2AB495-A9FC-40CE-903E-48BD28D49F21}"
EndProject
Project("{9A19103F-16F7-4668-BE54-9A1E7A4F7556}") = "Overloading_Constuctors", "Overloading_Constuctors\Overloading_Constuctors.csproj", "{07EE65E4-6675-4946-908D-0D0D28F061A2}"
EndProject
Project("{9A19103F-16F7-4668-BE54-9A1E7A4F7556}") = "Invoke_Cons_Through_This", "Invoke_Cons_Through_This\Invoke_Cons_Through_This.csproj", "{952BF527-6A9A-4454-B004-949526D37535}"
EndProject
Project("{9A19103F-16F7-4668-BE54-9A1E7A4F7556}") = "Optional_Arguments", "Optional_Arguments\Optional_Arguments.csproj", "{7E8EB38A-7D61-471B-B66C-C755BBAA91EF}"
EndProject
Project("{9A19103F-16F7-4668-BE54-9A1E7A4F7556}") = "Arguments_In_Main", "Arguments_In_Main\Arguments_In_Main.csproj", "{EC363D8B-FAF7-4593-AE66-CA60C0F68A6A}"
EndProject
Project("{9A19103F-16F7-4668-BE54-9A1E7A4F7556}") = "Recursion", "Recursion\Recursion.csproj", "{07ADCCAA-B49B-4987-88DA-C59B2CF97E9A}"
EndProject
Project("{9A19103F-16F7-4668-BE54-9A1E7A4F7556}") = "Operator_Overloading", "Operator_Overloading\Operator_Overloading.csproj", "{C9E3F9C8-6909-4722-8900-9211C59FA040}"
EndProject
Project("{9A19103F-16F7-4668-BE54-9A1E7A4F7556}") = "Indexer", "Indexer\Indexer.csproj", "{08FA26BC-31E3-4F32-8DE2-B08DF81EA2A1}"
EndProject
Project("{9A19103F-16F7-4668-BE54-9A1E7A4F7556}") = "Indexer Overloading", "Indexer Overloading\Indexer Overloading.csproj", "{5C9233BA-77CB-4C35-B6A3-F40D2DFE7208}"
EndProject
Project("{9A19103F-16F7-4668-BE54-9A1E7A4F7556}") = "Read-only_Indexer", "Read-only_Indexer\Read-only_Indexer.csproj", "{687518FE-14C0-4CA1-ADC2-B055824A8628}"
EndProject
Project("{9A19103F-16F7-4668-BE54-9A1E7A4F7556}") = "Multidimensional_Indexer", "Multidimensional_Indexer\Multidimensional_Indexer.csproj", "{E8D6EC2E-F779-4E3F-B79D-5C946725E3EB}"
EndProject
Project("{9A19103F-16F7-4668-BE54-9A1E7A4F7556}") = "Properties", "Properties\Properties.csproj", "{3FAF1391-C40A-4D3E-9C6B-F1625F5B426E}"
EndProject
Project("{9A19103F-16F7-4668-BE54-9A1E7A4F7556}") = "ConstructorAndInheritance", "ConstructorAndInheritance\ConstructorAndInheritance.csproj", "{E7DB2EE5-6CCC-47DF-B460-B838D2D20AE1}"
EndProject
Project("{9A19103F-16F7-4668-BE54-9A1E7A4F7556}") = "ConstructorAndInheritance_Base_Keyword", "ConstructorAndInheritance_Base_Keyword\ConstructorAndInheritance_Base_Keyword.csproj", "{C0800C05-1618-4B47-9D05-8D98E6B6D3BF}"
EndProject
Project("{9A19103F-16F7-4668-BE54-9A1E7A4F7556}") = "Interface", "Interface\Interface.csproj", "{991F33AC-0FFB-44F1-A05B-25DDAE0E82D9}"
EndProject
Project("{9A19103F-16F7-4668-BE54-9A1E7A4F7556}") = "Interface_Properties", "Interface_Properties\Interface_Properties.csproj", "{3E000CF0-AFFE-4828-9AC7-942C2FDC41D1}"
EndProject
Project("{9A19103F-16F7-4668-BE54-9A1E7A4F7556}") = "Interface_Indexer", "Interface_Indexer\Interface_Indexer.csproj", "{EB29812F-3255-4057-BE11-11041A47907E}"
EndProject
Project("{9A19103F-16F7-4668-BE54-9A1E7A4F7556}") = "Structure", "Structure\Structure.csproj", "{542CE1E9-64D2-4ECB-B311-0859011BB1C0}"
EndProject
Project("{9A19103F-16F7-4668-BE54-9A1E7A4F7556}") = "Enumeration", "Enumeration\Enumeration.csproj", "{1C656AF2-3337-4C3C-9D2B-AF40DB484038}"
EndProject
Project("{9A19103F-16F7-4668-BE54-9A1E7A4F7556}") = "Exception_Handling", "Exception_Handling\Exception_Handling.csproj", "{4F0197A7-53AA-44E1-9690-7AD2B079AAF0}"
EndProject
Project("{9A19103F-16F7-4668-BE54-9A1E7A4F7556}") = "Exception_Handling_Multiple_Catch", "Exception_Handling_Multiple_Catch\Exception_Handling_Multiple_Catch.csproj", "{5D66EBAE-6399-4644-8752-0E49E2762C83}"
EndProject
Project("{9A19103F-16F7-4668-BE54-9A1E7A4F7556}") = "Nested_Try", "Nested_Try\Nested_Try.csproj", "{0C8DE79C-2D9C-4BD6-8953-D25B328EFD69}"
EndProject
Project("{9A19103F-16F7-4668-BE54-9A1E7A4F7556}") = "Rethrow_Exception", "Rethrow_Exception\Rethrow_Exception.csproj", "{1464C55E-C8B4-4152-B196-89F4A55541E7}"
EndProject
Project("{9A19103F-16F7-4668-BE54-9A1E7A4F7556}") = "Try_Catch_Finally", "Try_Catch_Finally\Try_Catch_Finally.csproj", "{14058FBF-ED8E-4572-B310-C05438419D83}"
EndProject
Project("{9A19103F-16F7-4668-BE54-9A1E7A4F7556}") = "Exception_Class_Members", "Exception_Class_Members\Exception_Class_Members.csproj", "{F4412D1B-9326-4F75-A991-9D0C3AD9DD62}"
EndProject
Project("{9A19103F-16F7-4668-BE54-9A1E7A4F7556}") = "Custom_Exception", "Custom_Exception\Custom_Exception.csproj", "{B82EAE42-88BF-4D06-BDC9-FACA3911C176}"
EndProject
Project("{9A19103F-16F7-4668-BE54-9A1E7A4F7556}") = "Checked_Unchecked", "Checked_Unchecked\Checked_Unchecked.csproj", "{7496985D-4D44-4DF4-A9A3-792FE52ED39A}"
EndProject
Project("{9A19103F-16F7-4668-BE54-9A1E7A4F7556}") = "Console_ReadKeys", "Console_ReadKeys\Console_ReadKeys.csproj", "{95ED6CDD-E062-44D9-8F3E-31C4DB9C85BA}"
EndProject
Project("{FAE04EC0-301F-11D3-BF4B-00C04F79EFBC}") = "Read_From_File", "Read_From_File\Read_From_File.csproj", "{B8FA5235-555B-48B2-A6B6-CEB97BF0B928}"
EndProject
Project("{FAE04EC0-301F-11D3-BF4B-00C04F79EFBC}") = "Write_To_File", "Write_To_File\Write_To_File.csproj", "{B1EF575E-C2B4-4DAF-BEF3-3B1DF2768B70}"
EndProject
Project("{FAE04EC0-301F-11D3-BF4B-00C04F79EFBC}") = "StreamWriter", "StreamWriter\StreamWriter.csproj", "{BB38FE85-2B18-4FAF-92C2-2656203E4CE2}"
EndProject
Project("{FAE04EC0-301F-11D3-BF4B-00C04F79EFBC}") = "StreamReader", "StreamReader\StreamReader.csproj", "{9D095493-B2C3-46E3-B09C-4F6F0717D230}"
EndProject
Project("{FAE04EC0-301F-11D3-BF4B-00C04F79EFBC}") = "Redirect_Streams", "Redirect_Streams\Redirect_Streams.csproj", "{65D9D8DD-D043-4B0A-9590-CA49DA52BE15}"
EndProject
Project("{FAE04EC0-301F-11D3-BF4B-00C04F79EFBC}") = "BinaryReader_BinaryWriter", "BinaryReader_BinaryWriter\BinaryReader_BinaryWriter.csproj", "{9DC7B375-847D-420E-96AB-CC11DAABDD02}"
EndProject
Global
	GlobalSection(SolutionConfigurationPlatforms) = preSolution
		Debug|Any CPU = Debug|Any CPU
		Release|Any CPU = Release|Any CPU
	EndGlobalSection
	GlobalSection(ProjectConfigurationPlatforms) = postSolution
		{EBD5A92E-04A5-47B3-BBC0-08ED2A99D3F8}.Debug|Any CPU.ActiveCfg = Debug|Any CPU
		{EBD5A92E-04A5-47B3-BBC0-08ED2A99D3F8}.Debug|Any CPU.Build.0 = Debug|Any CPU
		{EBD5A92E-04A5-47B3-BBC0-08ED2A99D3F8}.Release|Any CPU.ActiveCfg = Release|Any CPU
		{EBD5A92E-04A5-47B3-BBC0-08ED2A99D3F8}.Release|Any CPU.Build.0 = Release|Any CPU
		{51A53A57-FF12-4008-AD89-D6AAFDF4610F}.Debug|Any CPU.ActiveCfg = Debug|Any CPU
		{51A53A57-FF12-4008-AD89-D6AAFDF4610F}.Debug|Any CPU.Build.0 = Debug|Any CPU
		{51A53A57-FF12-4008-AD89-D6AAFDF4610F}.Release|Any CPU.ActiveCfg = Release|Any CPU
		{51A53A57-FF12-4008-AD89-D6AAFDF4610F}.Release|Any CPU.Build.0 = Release|Any CPU
		{941880C5-118E-40F5-B069-76BCC52413E5}.Debug|Any CPU.ActiveCfg = Debug|Any CPU
		{941880C5-118E-40F5-B069-76BCC52413E5}.Debug|Any CPU.Build.0 = Debug|Any CPU
		{941880C5-118E-40F5-B069-76BCC52413E5}.Release|Any CPU.ActiveCfg = Release|Any CPU
		{941880C5-118E-40F5-B069-76BCC52413E5}.Release|Any CPU.Build.0 = Release|Any CPU
		{6E2AB495-A9FC-40CE-903E-48BD28D49F21}.Debug|Any CPU.ActiveCfg = Debug|Any CPU
		{6E2AB495-A9FC-40CE-903E-48BD28D49F21}.Debug|Any CPU.Build.0 = Debug|Any CPU
		{6E2AB495-A9FC-40CE-903E-48BD28D49F21}.Release|Any CPU.ActiveCfg = Release|Any CPU
		{6E2AB495-A9FC-40CE-903E-48BD28D49F21}.Release|Any CPU.Build.0 = Release|Any CPU
		{07EE65E4-6675-4946-908D-0D0D28F061A2}.Debug|Any CPU.ActiveCfg = Debug|Any CPU
		{07EE65E4-6675-4946-908D-0D0D28F061A2}.Debug|Any CPU.Build.0 = Debug|Any CPU
		{07EE65E4-6675-4946-908D-0D0D28F061A2}.Release|Any CPU.ActiveCfg = Release|Any CPU
		{07EE65E4-6675-4946-908D-0D0D28F061A2}.Release|Any CPU.Build.0 = Release|Any CPU
		{952BF527-6A9A-4454-B004-949526D37535}.Debug|Any CPU.ActiveCfg = Debug|Any CPU
		{952BF527-6A9A-4454-B004-949526D37535}.Debug|Any CPU.Build.0 = Debug|Any CPU
		{952BF527-6A9A-4454-B004-949526D37535}.Release|Any CPU.ActiveCfg = Release|Any CPU
		{952BF527-6A9A-4454-B004-949526D37535}.Release|Any CPU.Build.0 = Release|Any CPU
		{7E8EB38A-7D61-471B-B66C-C755BBAA91EF}.Debug|Any CPU.ActiveCfg = Debug|Any CPU
		{7E8EB38A-7D61-471B-B66C-C755BBAA91EF}.Debug|Any CPU.Build.0 = Debug|Any CPU
		{7E8EB38A-7D61-471B-B66C-C755BBAA91EF}.Release|Any CPU.ActiveCfg = Release|Any CPU
		{7E8EB38A-7D61-471B-B66C-C755BBAA91EF}.Release|Any CPU.Build.0 = Release|Any CPU
		{EC363D8B-FAF7-4593-AE66-CA60C0F68A6A}.Debug|Any CPU.ActiveCfg = Debug|Any CPU
		{EC363D8B-FAF7-4593-AE66-CA60C0F68A6A}.Debug|Any CPU.Build.0 = Debug|Any CPU
		{EC363D8B-FAF7-4593-AE66-CA60C0F68A6A}.Release|Any CPU.ActiveCfg = Release|Any CPU
		{EC363D8B-FAF7-4593-AE66-CA60C0F68A6A}.Release|Any CPU.Build.0 = Release|Any CPU
		{07ADCCAA-B49B-4987-88DA-C59B2CF97E9A}.Debug|Any CPU.ActiveCfg = Debug|Any CPU
		{07ADCCAA-B49B-4987-88DA-C59B2CF97E9A}.Debug|Any CPU.Build.0 = Debug|Any CPU
		{07ADCCAA-B49B-4987-88DA-C59B2CF97E9A}.Release|Any CPU.ActiveCfg = Release|Any CPU
		{07ADCCAA-B49B-4987-88DA-C59B2CF97E9A}.Release|Any CPU.Build.0 = Release|Any CPU
		{C9E3F9C8-6909-4722-8900-9211C59FA040}.Debug|Any CPU.ActiveCfg = Debug|Any CPU
		{C9E3F9C8-6909-4722-8900-9211C59FA040}.Debug|Any CPU.Build.0 = Debug|Any CPU
		{C9E3F9C8-6909-4722-8900-9211C59FA040}.Release|Any CPU.ActiveCfg = Release|Any CPU
		{C9E3F9C8-6909-4722-8900-9211C59FA040}.Release|Any CPU.Build.0 = Release|Any CPU
		{08FA26BC-31E3-4F32-8DE2-B08DF81EA2A1}.Debug|Any CPU.ActiveCfg = Debug|Any CPU
		{08FA26BC-31E3-4F32-8DE2-B08DF81EA2A1}.Debug|Any CPU.Build.0 = Debug|Any CPU
		{08FA26BC-31E3-4F32-8DE2-B08DF81EA2A1}.Release|Any CPU.ActiveCfg = Release|Any CPU
		{08FA26BC-31E3-4F32-8DE2-B08DF81EA2A1}.Release|Any CPU.Build.0 = Release|Any CPU
		{5C9233BA-77CB-4C35-B6A3-F40D2DFE7208}.Debug|Any CPU.ActiveCfg = Debug|Any CPU
		{5C9233BA-77CB-4C35-B6A3-F40D2DFE7208}.Debug|Any CPU.Build.0 = Debug|Any CPU
		{5C9233BA-77CB-4C35-B6A3-F40D2DFE7208}.Release|Any CPU.ActiveCfg = Release|Any CPU
		{5C9233BA-77CB-4C35-B6A3-F40D2DFE7208}.Release|Any CPU.Build.0 = Release|Any CPU
		{687518FE-14C0-4CA1-ADC2-B055824A8628}.Debug|Any CPU.ActiveCfg = Debug|Any CPU
		{687518FE-14C0-4CA1-ADC2-B055824A8628}.Debug|Any CPU.Build.0 = Debug|Any CPU
		{687518FE-14C0-4CA1-ADC2-B055824A8628}.Release|Any CPU.ActiveCfg = Release|Any CPU
		{687518FE-14C0-4CA1-ADC2-B055824A8628}.Release|Any CPU.Build.0 = Release|Any CPU
		{E8D6EC2E-F779-4E3F-B79D-5C946725E3EB}.Debug|Any CPU.ActiveCfg = Debug|Any CPU
		{E8D6EC2E-F779-4E3F-B79D-5C946725E3EB}.Debug|Any CPU.Build.0 = Debug|Any CPU
		{E8D6EC2E-F779-4E3F-B79D-5C946725E3EB}.Release|Any CPU.ActiveCfg = Release|Any CPU
		{E8D6EC2E-F779-4E3F-B79D-5C946725E3EB}.Release|Any CPU.Build.0 = Release|Any CPU
		{3FAF1391-C40A-4D3E-9C6B-F1625F5B426E}.Debug|Any CPU.ActiveCfg = Debug|Any CPU
		{3FAF1391-C40A-4D3E-9C6B-F1625F5B426E}.Debug|Any CPU.Build.0 = Debug|Any CPU
		{3FAF1391-C40A-4D3E-9C6B-F1625F5B426E}.Release|Any CPU.ActiveCfg = Release|Any CPU
		{3FAF1391-C40A-4D3E-9C6B-F1625F5B426E}.Release|Any CPU.Build.0 = Release|Any CPU
		{E7DB2EE5-6CCC-47DF-B460-B838D2D20AE1}.Debug|Any CPU.ActiveCfg = Debug|Any CPU
		{E7DB2EE5-6CCC-47DF-B460-B838D2D20AE1}.Debug|Any CPU.Build.0 = Debug|Any CPU
		{E7DB2EE5-6CCC-47DF-B460-B838D2D20AE1}.Release|Any CPU.ActiveCfg = Release|Any CPU
		{E7DB2EE5-6CCC-47DF-B460-B838D2D20AE1}.Release|Any CPU.Build.0 = Release|Any CPU
		{C0800C05-1618-4B47-9D05-8D98E6B6D3BF}.Debug|Any CPU.ActiveCfg = Debug|Any CPU
		{C0800C05-1618-4B47-9D05-8D98E6B6D3BF}.Debug|Any CPU.Build.0 = Debug|Any CPU
		{C0800C05-1618-4B47-9D05-8D98E6B6D3BF}.Release|Any CPU.ActiveCfg = Release|Any CPU
		{C0800C05-1618-4B47-9D05-8D98E6B6D3BF}.Release|Any CPU.Build.0 = Release|Any CPU
		{991F33AC-0FFB-44F1-A05B-25DDAE0E82D9}.Debug|Any CPU.ActiveCfg = Debug|Any CPU
		{991F33AC-0FFB-44F1-A05B-25DDAE0E82D9}.Debug|Any CPU.Build.0 = Debug|Any CPU
		{991F33AC-0FFB-44F1-A05B-25DDAE0E82D9}.Release|Any CPU.ActiveCfg = Release|Any CPU
		{991F33AC-0FFB-44F1-A05B-25DDAE0E82D9}.Release|Any CPU.Build.0 = Release|Any CPU
		{3E000CF0-AFFE-4828-9AC7-942C2FDC41D1}.Debug|Any CPU.ActiveCfg = Debug|Any CPU
		{3E000CF0-AFFE-4828-9AC7-942C2FDC41D1}.Debug|Any CPU.Build.0 = Debug|Any CPU
		{3E000CF0-AFFE-4828-9AC7-942C2FDC41D1}.Release|Any CPU.ActiveCfg = Release|Any CPU
		{3E000CF0-AFFE-4828-9AC7-942C2FDC41D1}.Release|Any CPU.Build.0 = Release|Any CPU
		{EB29812F-3255-4057-BE11-11041A47907E}.Debug|Any CPU.ActiveCfg = Debug|Any CPU
		{EB29812F-3255-4057-BE11-11041A47907E}.Debug|Any CPU.Build.0 = Debug|Any CPU
		{EB29812F-3255-4057-BE11-11041A47907E}.Release|Any CPU.ActiveCfg = Release|Any CPU
		{EB29812F-3255-4057-BE11-11041A47907E}.Release|Any CPU.Build.0 = Release|Any CPU
		{542CE1E9-64D2-4ECB-B311-0859011BB1C0}.Debug|Any CPU.ActiveCfg = Debug|Any CPU
		{542CE1E9-64D2-4ECB-B311-0859011BB1C0}.Debug|Any CPU.Build.0 = Debug|Any CPU
		{542CE1E9-64D2-4ECB-B311-0859011BB1C0}.Release|Any CPU.ActiveCfg = Release|Any CPU
		{542CE1E9-64D2-4ECB-B311-0859011BB1C0}.Release|Any CPU.Build.0 = Release|Any CPU
		{1C656AF2-3337-4C3C-9D2B-AF40DB484038}.Debug|Any CPU.ActiveCfg = Debug|Any CPU
		{1C656AF2-3337-4C3C-9D2B-AF40DB484038}.Debug|Any CPU.Build.0 = Debug|Any CPU
		{1C656AF2-3337-4C3C-9D2B-AF40DB484038}.Release|Any CPU.ActiveCfg = Release|Any CPU
		{1C656AF2-3337-4C3C-9D2B-AF40DB484038}.Release|Any CPU.Build.0 = Release|Any CPU
		{4F0197A7-53AA-44E1-9690-7AD2B079AAF0}.Debug|Any CPU.ActiveCfg = Debug|Any CPU
		{4F0197A7-53AA-44E1-9690-7AD2B079AAF0}.Debug|Any CPU.Build.0 = Debug|Any CPU
		{4F0197A7-53AA-44E1-9690-7AD2B079AAF0}.Release|Any CPU.ActiveCfg = Release|Any CPU
		{4F0197A7-53AA-44E1-9690-7AD2B079AAF0}.Release|Any CPU.Build.0 = Release|Any CPU
		{5D66EBAE-6399-4644-8752-0E49E2762C83}.Debug|Any CPU.ActiveCfg = Debug|Any CPU
		{5D66EBAE-6399-4644-8752-0E49E2762C83}.Debug|Any CPU.Build.0 = Debug|Any CPU
		{5D66EBAE-6399-4644-8752-0E49E2762C83}.Release|Any CPU.ActiveCfg = Release|Any CPU
		{5D66EBAE-6399-4644-8752-0E49E2762C83}.Release|Any CPU.Build.0 = Release|Any CPU
		{0C8DE79C-2D9C-4BD6-8953-D25B328EFD69}.Debug|Any CPU.ActiveCfg = Debug|Any CPU
		{0C8DE79C-2D9C-4BD6-8953-D25B328EFD69}.Debug|Any CPU.Build.0 = Debug|Any CPU
		{0C8DE79C-2D9C-4BD6-8953-D25B328EFD69}.Release|Any CPU.ActiveCfg = Release|Any CPU
		{0C8DE79C-2D9C-4BD6-8953-D25B328EFD69}.Release|Any CPU.Build.0 = Release|Any CPU
		{1464C55E-C8B4-4152-B196-89F4A55541E7}.Debug|Any CPU.ActiveCfg = Debug|Any CPU
		{1464C55E-C8B4-4152-B196-89F4A55541E7}.Debug|Any CPU.Build.0 = Debug|Any CPU
		{1464C55E-C8B4-4152-B196-89F4A55541E7}.Release|Any CPU.ActiveCfg = Release|Any CPU
		{1464C55E-C8B4-4152-B196-89F4A55541E7}.Release|Any CPU.Build.0 = Release|Any CPU
		{14058FBF-ED8E-4572-B310-C05438419D83}.Debug|Any CPU.ActiveCfg = Debug|Any CPU
		{14058FBF-ED8E-4572-B310-C05438419D83}.Debug|Any CPU.Build.0 = Debug|Any CPU
		{14058FBF-ED8E-4572-B310-C05438419D83}.Release|Any CPU.ActiveCfg = Release|Any CPU
		{14058FBF-ED8E-4572-B310-C05438419D83}.Release|Any CPU.Build.0 = Release|Any CPU
		{F4412D1B-9326-4F75-A991-9D0C3AD9DD62}.Debug|Any CPU.ActiveCfg = Debug|Any CPU
		{F4412D1B-9326-4F75-A991-9D0C3AD9DD62}.Debug|Any CPU.Build.0 = Debug|Any CPU
		{F4412D1B-9326-4F75-A991-9D0C3AD9DD62}.Release|Any CPU.ActiveCfg = Release|Any CPU
		{F4412D1B-9326-4F75-A991-9D0C3AD9DD62}.Release|Any CPU.Build.0 = Release|Any CPU
		{B82EAE42-88BF-4D06-BDC9-FACA3911C176}.Debug|Any CPU.ActiveCfg = Debug|Any CPU
		{B82EAE42-88BF-4D06-BDC9-FACA3911C176}.Debug|Any CPU.Build.0 = Debug|Any CPU
		{B82EAE42-88BF-4D06-BDC9-FACA3911C176}.Release|Any CPU.ActiveCfg = Release|Any CPU
		{B82EAE42-88BF-4D06-BDC9-FACA3911C176}.Release|Any CPU.Build.0 = Release|Any CPU
		{7496985D-4D44-4DF4-A9A3-792FE52ED39A}.Debug|Any CPU.ActiveCfg = Debug|Any CPU
		{7496985D-4D44-4DF4-A9A3-792FE52ED39A}.Debug|Any CPU.Build.0 = Debug|Any CPU
		{7496985D-4D44-4DF4-A9A3-792FE52ED39A}.Release|Any CPU.ActiveCfg = Release|Any CPU
		{7496985D-4D44-4DF4-A9A3-792FE52ED39A}.Release|Any CPU.Build.0 = Release|Any CPU
		{95ED6CDD-E062-44D9-8F3E-31C4DB9C85BA}.Debug|Any CPU.ActiveCfg = Debug|Any CPU
		{95ED6CDD-E062-44D9-8F3E-31C4DB9C85BA}.Debug|Any CPU.Build.0 = Debug|Any CPU
		{95ED6CDD-E062-44D9-8F3E-31C4DB9C85BA}.Release|Any CPU.ActiveCfg = Release|Any CPU
		{95ED6CDD-E062-44D9-8F3E-31C4DB9C85BA}.Release|Any CPU.Build.0 = Release|Any CPU
		{B8FA5235-555B-48B2-A6B6-CEB97BF0B928}.Debug|Any CPU.ActiveCfg = Debug|Any CPU
		{B8FA5235-555B-48B2-A6B6-CEB97BF0B928}.Debug|Any CPU.Build.0 = Debug|Any CPU
		{B8FA5235-555B-48B2-A6B6-CEB97BF0B928}.Release|Any CPU.ActiveCfg = Release|Any CPU
		{B8FA5235-555B-48B2-A6B6-CEB97BF0B928}.Release|Any CPU.Build.0 = Release|Any CPU
		{B1EF575E-C2B4-4DAF-BEF3-3B1DF2768B70}.Debug|Any CPU.ActiveCfg = Debug|Any CPU
		{B1EF575E-C2B4-4DAF-BEF3-3B1DF2768B70}.Debug|Any CPU.Build.0 = Debug|Any CPU
		{B1EF575E-C2B4-4DAF-BEF3-3B1DF2768B70}.Release|Any CPU.ActiveCfg = Release|Any CPU
		{B1EF575E-C2B4-4DAF-BEF3-3B1DF2768B70}.Release|Any CPU.Build.0 = Release|Any CPU
		{BB38FE85-2B18-4FAF-92C2-2656203E4CE2}.Debug|Any CPU.ActiveCfg = Debug|Any CPU
		{BB38FE85-2B18-4FAF-92C2-2656203E4CE2}.Debug|Any CPU.Build.0 = Debug|Any CPU
		{BB38FE85-2B18-4FAF-92C2-2656203E4CE2}.Release|Any CPU.ActiveCfg = Release|Any CPU
		{BB38FE85-2B18-4FAF-92C2-2656203E4CE2}.Release|Any CPU.Build.0 = Release|Any CPU
		{9D095493-B2C3-46E3-B09C-4F6F0717D230}.Debug|Any CPU.ActiveCfg = Debug|Any CPU
		{9D095493-B2C3-46E3-B09C-4F6F0717D230}.Debug|Any CPU.Build.0 = Debug|Any CPU
		{9D095493-B2C3-46E3-B09C-4F6F0717D230}.Release|Any CPU.ActiveCfg = Release|Any CPU
		{9D095493-B2C3-46E3-B09C-4F6F0717D230}.Release|Any CPU.Build.0 = Release|Any CPU
		{65D9D8DD-D043-4B0A-9590-CA49DA52BE15}.Debug|Any CPU.ActiveCfg = Debug|Any CPU
		{65D9D8DD-D043-4B0A-9590-CA49DA52BE15}.Debug|Any CPU.Build.0 = Debug|Any CPU
		{65D9D8DD-D043-4B0A-9590-CA49DA52BE15}.Release|Any CPU.ActiveCfg = Release|Any CPU
		{65D9D8DD-D043-4B0A-9590-CA49DA52BE15}.Release|Any CPU.Build.0 = Release|Any CPU
		{9DC7B375-847D-420E-96AB-CC11DAABDD02}.Debug|Any CPU.ActiveCfg = Debug|Any CPU
		{9DC7B375-847D-420E-96AB-CC11DAABDD02}.Debug|Any CPU.Build.0 = Debug|Any CPU
		{9DC7B375-847D-420E-96AB-CC11DAABDD02}.Release|Any CPU.ActiveCfg = Release|Any CPU
		{9DC7B375-847D-420E-96AB-CC11DAABDD02}.Release|Any CPU.Build.0 = Release|Any CPU
	EndGlobalSection
	GlobalSection(SolutionProperties) = preSolution
		HideSolutionNode = FALSE
	EndGlobalSection
	GlobalSection(ExtensibilityGlobals) = postSolution
		SolutionGuid = {9F6543E1-DC78-4326-BE91-6DE40488C6DB}
	EndGlobalSection
EndGlobal
