
Microsoft Visual Studio Solution File, Format Version 12.00
# Visual Studio Version 17
VisualStudioVersion = 17.4.33122.133
MinimumVisualStudioVersion = 10.0.40219.1
Project("{9A19103F-16F7-4668-BE54-9A1E7A4F7556}") = "Params", "Params\Params.csproj", "{EBD5A92E-04A5-47B3-BBC0-08ED2A99D3F8}"
EndProject
Project("{9A19103F-16F7-4668-BE54-9A1E7A4F7556}") = "Return_Objects", "Return_Objects\Return_Objects.csproj", "{51A53A57-FF12-4008-AD89-D6AAFDF4610F}"
EndProject
Project("{9A19103F-16F7-4668-BE54-9A1E7A4F7556}") = "Return_Array", "Return_Array\Return_Array.csproj", "{941880C5-118E-40F5-B069-76BCC52413E5}"
EndProject
Project("{9A19103F-16F7-4668-BE54-9A1E7A4F7556}") = "Method_Overloading", "Method_Overloading\Method_Overloading.csproj", "{6E2AB495-A9FC-40CE-903E-48BD28D49F21}"
EndProject
Project("{9A19103F-16F7-4668-BE54-9A1E7A4F7556}") = "Overloading_Constuctors", "Overloading_Constuctors\Overloading_Constuctors.csproj", "{07EE65E4-6675-4946-908D-0D0D28F061A2}"
EndProject
Project("{9A19103F-16F7-4668-BE54-9A1E7A4F7556}") = "Invoke_Cons_Through_This", "Invoke_Cons_Through_This\Invoke_Cons_Through_This.csproj", "{952BF527-6A9A-4454-B004-949526D37535}"
EndProject
Project("{9A19103F-16F7-4668-BE54-9A1E7A4F7556}") = "Optional_Arguments", "Optional_Arguments\Optional_Arguments.csproj", "{7E8EB38A-7D61-471B-B66C-C755BBAA91EF}"
EndProject
Project("{9A19103F-16F7-4668-BE54-9A1E7A4F7556}") = "Arguments_In_Main", "Arguments_In_Main\Arguments_In_Main.csproj", "{EC363D8B-FAF7-4593-AE66-CA60C0F68A6A}"
EndProject
Project("{9A19103F-16F7-4668-BE54-9A1E7A4F7556}") = "Recursion", "Recursion\Recursion.csproj", "{07ADCCAA-B49B-4987-88DA-C59B2CF97E9A}"
EndProject
Project("{9A19103F-16F7-4668-BE54-9A1E7A4F7556}") = "Operator_Overloading", "Operator_Overloading\Operator_Overloading.csproj", "{C9E3F9C8-6909-4722-8900-9211C59FA040}"
EndProject
Project("{9A19103F-16F7-4668-BE54-9A1E7A4F7556}") = "Indexer", "Indexer\Indexer.csproj", "{08FA26BC-31E3-4F32-8DE2-B08DF81EA2A1}"
EndProject
Project("{9A19103F-16F7-4668-BE54-9A1E7A4F7556}") = "Indexer Overloading", "Indexer Overloading\Indexer Overloading.csproj", "{5C9233BA-77CB-4C35-B6A3-F40D2DFE7208}"
EndProject
Project("{FAE04EC0-301F-11D3-BF4B-00C04F79EFBC}") = "Read-only_Indexer", "Read-only_Indexer\Read-only_Indexer.csproj", "{687518FE-14C0-4CA1-ADC2-B055824A8628}"
EndProject
Project("{FAE04EC0-301F-11D3-BF4B-00C04F79EFBC}") = "Multidimensional_Indexer", "Multidimensional_Indexer\Multidimensional_Indexer.csproj", "{E8D6EC2E-F779-4E3F-B79D-5C946725E3EB}"
EndProject
Project("{FAE04EC0-301F-11D3-BF4B-00C04F79EFBC}") = "Properties", "Properties\Properties.csproj", "{3FAF1391-C40A-4D3E-9C6B-F1625F5B426E}"
EndProject
Global
	GlobalSection(SolutionConfigurationPlatforms) = preSolution
		Debug|Any CPU = Debug|Any CPU
		Release|Any CPU = Release|Any CPU
	EndGlobalSection
	GlobalSection(ProjectConfigurationPlatforms) = postSolution
		{EBD5A92E-04A5-47B3-BBC0-08ED2A99D3F8}.Debug|Any CPU.ActiveCfg = Debug|Any CPU
		{EBD5A92E-04A5-47B3-BBC0-08ED2A99D3F8}.Debug|Any CPU.Build.0 = Debug|Any CPU
		{EBD5A92E-04A5-47B3-BBC0-08ED2A99D3F8}.Release|Any CPU.ActiveCfg = Release|Any CPU
		{EBD5A92E-04A5-47B3-BBC0-08ED2A99D3F8}.Release|Any CPU.Build.0 = Release|Any CPU
		{51A53A57-FF12-4008-AD89-D6AAFDF4610F}.Debug|Any CPU.ActiveCfg = Debug|Any CPU
		{51A53A57-FF12-4008-AD89-D6AAFDF4610F}.Debug|Any CPU.Build.0 = Debug|Any CPU
		{51A53A57-FF12-4008-AD89-D6AAFDF4610F}.Release|Any CPU.ActiveCfg = Release|Any CPU
		{51A53A57-FF12-4008-AD89-D6AAFDF4610F}.Release|Any CPU.Build.0 = Release|Any CPU
		{941880C5-118E-40F5-B069-76BCC52413E5}.Debug|Any CPU.ActiveCfg = Debug|Any CPU
		{941880C5-118E-40F5-B069-76BCC52413E5}.Debug|Any CPU.Build.0 = Debug|Any CPU
		{941880C5-118E-40F5-B069-76BCC52413E5}.Release|Any CPU.ActiveCfg = Release|Any CPU
		{941880C5-118E-40F5-B069-76BCC52413E5}.Release|Any CPU.Build.0 = Release|Any CPU
		{6E2AB495-A9FC-40CE-903E-48BD28D49F21}.Debug|Any CPU.ActiveCfg = Debug|Any CPU
		{6E2AB495-A9FC-40CE-903E-48BD28D49F21}.Debug|Any CPU.Build.0 = Debug|Any CPU
		{6E2AB495-A9FC-40CE-903E-48BD28D49F21}.Release|Any CPU.ActiveCfg = Release|Any CPU
		{6E2AB495-A9FC-40CE-903E-48BD28D49F21}.Release|Any CPU.Build.0 = Release|Any CPU
		{07EE65E4-6675-4946-908D-0D0D28F061A2}.Debug|Any CPU.ActiveCfg = Debug|Any CPU
		{07EE65E4-6675-4946-908D-0D0D28F061A2}.Debug|Any CPU.Build.0 = Debug|Any CPU
		{07EE65E4-6675-4946-908D-0D0D28F061A2}.Release|Any CPU.ActiveCfg = Release|Any CPU
		{07EE65E4-6675-4946-908D-0D0D28F061A2}.Release|Any CPU.Build.0 = Release|Any CPU
		{952BF527-6A9A-4454-B004-949526D37535}.Debug|Any CPU.ActiveCfg = Debug|Any CPU
		{952BF527-6A9A-4454-B004-949526D37535}.Debug|Any CPU.Build.0 = Debug|Any CPU
		{952BF527-6A9A-4454-B004-949526D37535}.Release|Any CPU.ActiveCfg = Release|Any CPU
		{952BF527-6A9A-4454-B004-949526D37535}.Release|Any CPU.Build.0 = Release|Any CPU
		{7E8EB38A-7D61-471B-B66C-C755BBAA91EF}.Debug|Any CPU.ActiveCfg = Debug|Any CPU
		{7E8EB38A-7D61-471B-B66C-C755BBAA91EF}.Debug|Any CPU.Build.0 = Debug|Any CPU
		{7E8EB38A-7D61-471B-B66C-C755BBAA91EF}.Release|Any CPU.ActiveCfg = Release|Any CPU
		{7E8EB38A-7D61-471B-B66C-C755BBAA91EF}.Release|Any CPU.Build.0 = Release|Any CPU
		{EC363D8B-FAF7-4593-AE66-CA60C0F68A6A}.Debug|Any CPU.ActiveCfg = Debug|Any CPU
		{EC363D8B-FAF7-4593-AE66-CA60C0F68A6A}.Debug|Any CPU.Build.0 = Debug|Any CPU
		{EC363D8B-FAF7-4593-AE66-CA60C0F68A6A}.Release|Any CPU.ActiveCfg = Release|Any CPU
		{EC363D8B-FAF7-4593-AE66-CA60C0F68A6A}.Release|Any CPU.Build.0 = Release|Any CPU
		{07ADCCAA-B49B-4987-88DA-C59B2CF97E9A}.Debug|Any CPU.ActiveCfg = Debug|Any CPU
		{07ADCCAA-B49B-4987-88DA-C59B2CF97E9A}.Debug|Any CPU.Build.0 = Debug|Any CPU
		{07ADCCAA-B49B-4987-88DA-C59B2CF97E9A}.Release|Any CPU.ActiveCfg = Release|Any CPU
		{07ADCCAA-B49B-4987-88DA-C59B2CF97E9A}.Release|Any CPU.Build.0 = Release|Any CPU
		{C9E3F9C8-6909-4722-8900-9211C59FA040}.Debug|Any CPU.ActiveCfg = Debug|Any CPU
		{C9E3F9C8-6909-4722-8900-9211C59FA040}.Debug|Any CPU.Build.0 = Debug|Any CPU
		{C9E3F9C8-6909-4722-8900-9211C59FA040}.Release|Any CPU.ActiveCfg = Release|Any CPU
		{C9E3F9C8-6909-4722-8900-9211C59FA040}.Release|Any CPU.Build.0 = Release|Any CPU
		{08FA26BC-31E3-4F32-8DE2-B08DF81EA2A1}.Debug|Any CPU.ActiveCfg = Debug|Any CPU
		{08FA26BC-31E3-4F32-8DE2-B08DF81EA2A1}.Debug|Any CPU.Build.0 = Debug|Any CPU
		{08FA26BC-31E3-4F32-8DE2-B08DF81EA2A1}.Release|Any CPU.ActiveCfg = Release|Any CPU
		{08FA26BC-31E3-4F32-8DE2-B08DF81EA2A1}.Release|Any CPU.Build.0 = Release|Any CPU
		{5C9233BA-77CB-4C35-B6A3-F40D2DFE7208}.Debug|Any CPU.ActiveCfg = Debug|Any CPU
		{5C9233BA-77CB-4C35-B6A3-F40D2DFE7208}.Debug|Any CPU.Build.0 = Debug|Any CPU
		{5C9233BA-77CB-4C35-B6A3-F40D2DFE7208}.Release|Any CPU.ActiveCfg = Release|Any CPU
		{5C9233BA-77CB-4C35-B6A3-F40D2DFE7208}.Release|Any CPU.Build.0 = Release|Any CPU
		{687518FE-14C0-4CA1-ADC2-B055824A8628}.Debug|Any CPU.ActiveCfg = Debug|Any CPU
		{687518FE-14C0-4CA1-ADC2-B055824A8628}.Debug|Any CPU.Build.0 = Debug|Any CPU
		{687518FE-14C0-4CA1-ADC2-B055824A8628}.Release|Any CPU.ActiveCfg = Release|Any CPU
		{687518FE-14C0-4CA1-ADC2-B055824A8628}.Release|Any CPU.Build.0 = Release|Any CPU
		{E8D6EC2E-F779-4E3F-B79D-5C946725E3EB}.Debug|Any CPU.ActiveCfg = Debug|Any CPU
		{E8D6EC2E-F779-4E3F-B79D-5C946725E3EB}.Debug|Any CPU.Build.0 = Debug|Any CPU
		{E8D6EC2E-F779-4E3F-B79D-5C946725E3EB}.Release|Any CPU.ActiveCfg = Release|Any CPU
		{E8D6EC2E-F779-4E3F-B79D-5C946725E3EB}.Release|Any CPU.Build.0 = Release|Any CPU
		{3FAF1391-C40A-4D3E-9C6B-F1625F5B426E}.Debug|Any CPU.ActiveCfg = Debug|Any CPU
		{3FAF1391-C40A-4D3E-9C6B-F1625F5B426E}.Debug|Any CPU.Build.0 = Debug|Any CPU
		{3FAF1391-C40A-4D3E-9C6B-F1625F5B426E}.Release|Any CPU.ActiveCfg = Release|Any CPU
		{3FAF1391-C40A-4D3E-9C6B-F1625F5B426E}.Release|Any CPU.Build.0 = Release|Any CPU
	EndGlobalSection
	GlobalSection(SolutionProperties) = preSolution
		HideSolutionNode = FALSE
	EndGlobalSection
	GlobalSection(ExtensibilityGlobals) = postSolution
		SolutionGuid = {9F6543E1-DC78-4326-BE91-6DE40488C6DB}
	EndGlobalSection
EndGlobal
